
Microsoft Visual Studio Solution File, Format Version 12.00
# Visual Studio Version 17
VisualStudioVersion = 17.10.35013.160
MinimumVisualStudioVersion = 10.0.40219.1
Project("{FAE04EC0-301F-11D3-BF4B-00C04F79EFBC}") = "Blazor.SignComponent", "Blazor.SignComponent\Blazor.SignComponent.csproj", "{96676532-11F3-4F58-A09F-670427A5F5D4}"
EndProject
Global
	GlobalSection(SolutionConfigurationPlatforms) = preSolution
		Debug|Any CPU = Debug|Any CPU
		Release|Any CPU = Release|Any CPU
	EndGlobalSection
	GlobalSection(ProjectConfigurationPlatforms) = postSolution
		{96676532-11F3-4F58-A09F-670427A5F5D4}.Debug|Any CPU.ActiveCfg = Debug|Any CPU
		{96676532-11F3-4F58-A09F-670427A5F5D4}.Debug|Any CPU.Build.0 = Debug|Any CPU
		{96676532-11F3-4F58-A09F-670427A5F5D4}.Release|Any CPU.ActiveCfg = Release|Any CPU
		{96676532-11F3-4F58-A09F-670427A5F5D4}.Release|Any CPU.Build.0 = Release|Any CPU
	EndGlobalSection
	GlobalSection(SolutionProperties) = preSolution
		HideSolutionNode = FALSE
	EndGlobalSection
	GlobalSection(ExtensibilityGlobals) = postSolution
		SolutionGuid = {4E27F893-F421-49D1-9BEC-400539E961EC}
	EndGlobalSection
EndGlobal
